{
  "pins" : [
    {
      "identity" : "imagecolors",
      "kind" : "remoteSourceControl",
      "location" : "https://github.com/rurza/ImageColors",
      "state" : {
        "branch" : "main",
        "revision" : "df2a85ae4d192e391995ee5d34ece978a980f03c"
      }
    },
    {
      "identity" : "neptuneskit",
      "kind" : "remoteSourceControl",
      "location" : "https://github.com/rurza/NepTunesKit",
      "state" : {
        "branch" : "development",
        "revision" : "f1c0507b8ef565a9aa1e1d94e09ea53179c27b61"
      }
    }
  ],
  "version" : 2
}
